// !$*UTF8*$!
{
	archiveVersion = 1;
	classes = {
	};
	objectVersion = 50;
	objects = {

/* Begin PBXBuildFile section */
		8D4234932173453B00C67E3D /* Themes.m in Sources */ = {isa = PBXBuildFile; fileRef = 8D4234922173453B00C67E3D /* Themes.m */; };
		8D4234962173480B00C67E3D /* ThemesViewController.m in Sources */ = {isa = PBXBuildFile; fileRef = 8D4234952173480B00C67E3D /* ThemesViewController.m */; };
		8D42349C21734AE000C67E3D /* ThemesViewControllerDelegate.m in Sources */ = {isa = PBXBuildFile; fileRef = 8D42349B21734AE000C67E3D /* ThemesViewControllerDelegate.m */; };
		8D51A2A72184BB9B001C57B1 /* MultipeerCommunicator.swift in Sources */ = {isa = PBXBuildFile; fileRef = 8D51A2A62184BB9B001C57B1 /* MultipeerCommunicator.swift */; };
		8D51A2A92184BC51001C57B1 /* Communicator.swift in Sources */ = {isa = PBXBuildFile; fileRef = 8D51A2A82184BC51001C57B1 /* Communicator.swift */; };
		8D51A2AB2184BDAF001C57B1 /* CommunicatorDelegate.swift in Sources */ = {isa = PBXBuildFile; fileRef = 8D51A2AA2184BDAF001C57B1 /* CommunicatorDelegate.swift */; };
		8D51A2AD21864DD0001C57B1 /* CommunicationManager.swift in Sources */ = {isa = PBXBuildFile; fileRef = 8D51A2AC21864DD0001C57B1 /* CommunicationManager.swift */; };
		8D51A2F7218F4CBA001C57B1 /* DataChatModel.xcdatamodeld in Sources */ = {isa = PBXBuildFile; fileRef = 8D51A2F5218F4CBA001C57B1 /* DataChatModel.xcdatamodeld */; };
		8D51A2F9218F4D0E001C57B1 /* CoreDataStack.swift in Sources */ = {isa = PBXBuildFile; fileRef = 8D51A2F8218F4D0E001C57B1 /* CoreDataStack.swift */; };
		8D5F6B9C217CA93500CB3E23 /* DataManager.swift in Sources */ = {isa = PBXBuildFile; fileRef = 8D5F6B9B217CA93500CB3E23 /* DataManager.swift */; };
		8D5F6BA0217CE97D00CB3E23 /* OperationDataManager.swift in Sources */ = {isa = PBXBuildFile; fileRef = 8D5F6B9F217CE97D00CB3E23 /* OperationDataManager.swift */; };
		8D8D2FE5218F7AB700E90EB6 /* AppUser.swift in Sources */ = {isa = PBXBuildFile; fileRef = 8D8D2FE4218F7AB700E90EB6 /* AppUser.swift */; };
		8D8D2FE721905C9500E90EB6 /* StoreDataManager.swift in Sources */ = {isa = PBXBuildFile; fileRef = 8D8D2FE621905C9500E90EB6 /* StoreDataManager.swift */; };
		8DD4792D215EA7D80005B856 /* AppDelegate.swift in Sources */ = {isa = PBXBuildFile; fileRef = 8DD4792C215EA7D80005B856 /* AppDelegate.swift */; };
		8DD4792F215EA7D80005B856 /* ProfileViewController.swift in Sources */ = {isa = PBXBuildFile; fileRef = 8DD4792E215EA7D80005B856 /* ProfileViewController.swift */; };
		8DD47934215EA7D90005B856 /* Assets.xcassets in Resources */ = {isa = PBXBuildFile; fileRef = 8DD47933215EA7D90005B856 /* Assets.xcassets */; };
		8DD47937215EA7D90005B856 /* LaunchScreen.storyboard in Resources */ = {isa = PBXBuildFile; fileRef = 8DD47935215EA7D90005B856 /* LaunchScreen.storyboard */; };
		8DD4793E215EAA790005B856 /* Main.storyboard in Resources */ = {isa = PBXBuildFile; fileRef = 8DD47930215EA7D80005B856 /* Main.storyboard */; };
		8DD47969215EC9F30005B856 /* slr-camera-2-xxl.png in Resources */ = {isa = PBXBuildFile; fileRef = 8DD47965215EC9F30005B856 /* slr-camera-2-xxl.png */; };
		8DD4796A215EC9F30005B856 /* placeholder-user.png in Resources */ = {isa = PBXBuildFile; fileRef = 8DD47967215EC9F30005B856 /* placeholder-user.png */; };
		8DD4798D216906E20005B856 /* ConversationsListViewController.swift in Sources */ = {isa = PBXBuildFile; fileRef = 8DD4798C216906E20005B856 /* ConversationsListViewController.swift */; };
		8DD4799121691B210005B856 /* ConversationCell.swift in Sources */ = {isa = PBXBuildFile; fileRef = 8DD4799021691B210005B856 /* ConversationCell.swift */; };
		8DD47998216A34C10005B856 /* Conversations.swift in Sources */ = {isa = PBXBuildFile; fileRef = 8DD47997216A34C10005B856 /* Conversations.swift */; };
		8DD4799A216A641F0005B856 /* ConversationViewController.swift in Sources */ = {isa = PBXBuildFile; fileRef = 8DD47999216A641F0005B856 /* ConversationViewController.swift */; };
		8DD4799C216A65CE0005B856 /* MessageTableViewCell.swift in Sources */ = {isa = PBXBuildFile; fileRef = 8DD4799B216A65CD0005B856 /* MessageTableViewCell.swift */; };
		8DD4799E216A79F00005B856 /* Message.swift in Sources */ = {isa = PBXBuildFile; fileRef = 8DD4799D216A79F00005B856 /* Message.swift */; };
/* End PBXBuildFile section */

/* Begin PBXFileReference section */
		8D4234912173453B00C67E3D /* Themes.h */ = {isa = PBXFileReference; lastKnownFileType = sourcecode.c.h; path = Themes.h; sourceTree = "<group>"; };
		8D4234922173453B00C67E3D /* Themes.m */ = {isa = PBXFileReference; lastKnownFileType = sourcecode.c.objc; path = Themes.m; sourceTree = "<group>"; };
		8D4234942173480B00C67E3D /* ThemesViewController.h */ = {isa = PBXFileReference; lastKnownFileType = sourcecode.c.h; path = ThemesViewController.h; sourceTree = "<group>"; };
		8D4234952173480B00C67E3D /* ThemesViewController.m */ = {isa = PBXFileReference; lastKnownFileType = sourcecode.c.objc; path = ThemesViewController.m; sourceTree = "<group>"; };
		8D42349A21734AE000C67E3D /* ThemesViewControllerDelegate.h */ = {isa = PBXFileReference; lastKnownFileType = sourcecode.c.h; path = ThemesViewControllerDelegate.h; sourceTree = "<group>"; };
		8D42349B21734AE000C67E3D /* ThemesViewControllerDelegate.m */ = {isa = PBXFileReference; lastKnownFileType = sourcecode.c.objc; path = ThemesViewControllerDelegate.m; sourceTree = "<group>"; };
		8D51A2A62184BB9B001C57B1 /* MultipeerCommunicator.swift */ = {isa = PBXFileReference; lastKnownFileType = sourcecode.swift; path = MultipeerCommunicator.swift; sourceTree = "<group>"; };
		8D51A2A82184BC51001C57B1 /* Communicator.swift */ = {isa = PBXFileReference; lastKnownFileType = sourcecode.swift; path = Communicator.swift; sourceTree = "<group>"; };
		8D51A2AA2184BDAF001C57B1 /* CommunicatorDelegate.swift */ = {isa = PBXFileReference; lastKnownFileType = sourcecode.swift; path = CommunicatorDelegate.swift; sourceTree = "<group>"; };
		8D51A2AC21864DD0001C57B1 /* CommunicationManager.swift */ = {isa = PBXFileReference; lastKnownFileType = sourcecode.swift; path = CommunicationManager.swift; sourceTree = "<group>"; };
		8D51A2F6218F4CBA001C57B1 /* UI.xcdatamodel */ = {isa = PBXFileReference; lastKnownFileType = wrapper.xcdatamodel; path = UI.xcdatamodel; sourceTree = "<group>"; };
		8D51A2F8218F4D0E001C57B1 /* CoreDataStack.swift */ = {isa = PBXFileReference; lastKnownFileType = sourcecode.swift; path = CoreDataStack.swift; sourceTree = "<group>"; };
		8D5F6B9B217CA93500CB3E23 /* DataManager.swift */ = {isa = PBXFileReference; lastKnownFileType = sourcecode.swift; path = DataManager.swift; sourceTree = "<group>"; };
		8D5F6B9F217CE97D00CB3E23 /* OperationDataManager.swift */ = {isa = PBXFileReference; lastKnownFileType = sourcecode.swift; path = OperationDataManager.swift; sourceTree = "<group>"; };
		8D793B2921722E210034A0D4 /* UI-Bridging-Header.h */ = {isa = PBXFileReference; lastKnownFileType = sourcecode.c.h; path = "UI-Bridging-Header.h"; sourceTree = "<group>"; };
		8D8D2FE4218F7AB700E90EB6 /* AppUser.swift */ = {isa = PBXFileReference; lastKnownFileType = sourcecode.swift; path = AppUser.swift; sourceTree = "<group>"; };
		8D8D2FE621905C9500E90EB6 /* StoreDataManager.swift */ = {isa = PBXFileReference; lastKnownFileType = sourcecode.swift; path = StoreDataManager.swift; sourceTree = "<group>"; };
		8DD47929215EA7D80005B856 /* UI.app */ = {isa = PBXFileReference; explicitFileType = wrapper.application; includeInIndex = 0; path = UI.app; sourceTree = BUILT_PRODUCTS_DIR; };
		8DD4792C215EA7D80005B856 /* AppDelegate.swift */ = {isa = PBXFileReference; lastKnownFileType = sourcecode.swift; path = AppDelegate.swift; sourceTree = "<group>"; };
		8DD4792E215EA7D80005B856 /* ProfileViewController.swift */ = {isa = PBXFileReference; lastKnownFileType = sourcecode.swift; path = ProfileViewController.swift; sourceTree = "<group>"; };
		8DD47931215EA7D80005B856 /* Base */ = {isa = PBXFileReference; lastKnownFileType = file.storyboard; name = Base; path = Base.lproj/Main.storyboard; sourceTree = "<group>"; };
		8DD47933215EA7D90005B856 /* Assets.xcassets */ = {isa = PBXFileReference; lastKnownFileType = folder.assetcatalog; path = Assets.xcassets; sourceTree = "<group>"; };
		8DD47936215EA7D90005B856 /* Base */ = {isa = PBXFileReference; lastKnownFileType = file.storyboard; name = Base; path = Base.lproj/LaunchScreen.storyboard; sourceTree = "<group>"; };
		8DD47938215EA7D90005B856 /* Info.plist */ = {isa = PBXFileReference; lastKnownFileType = text.plist.xml; path = Info.plist; sourceTree = "<group>"; };
		8DD47966215EC9F30005B856 /* Base */ = {isa = PBXFileReference; lastKnownFileType = image.png; name = Base; path = "Base.lproj/slr-camera-2-xxl.png"; sourceTree = "<group>"; };
		8DD47968215EC9F30005B856 /* Base */ = {isa = PBXFileReference; lastKnownFileType = image.png; name = Base; path = "Base.lproj/placeholder-user.png"; sourceTree = "<group>"; };
		8DD4798C216906E20005B856 /* ConversationsListViewController.swift */ = {isa = PBXFileReference; lastKnownFileType = sourcecode.swift; path = ConversationsListViewController.swift; sourceTree = "<group>"; };
		8DD4799021691B210005B856 /* ConversationCell.swift */ = {isa = PBXFileReference; lastKnownFileType = sourcecode.swift; path = ConversationCell.swift; sourceTree = "<group>"; };
		8DD47997216A34C10005B856 /* Conversations.swift */ = {isa = PBXFileReference; lastKnownFileType = sourcecode.swift; path = Conversations.swift; sourceTree = "<group>"; };
		8DD47999216A641F0005B856 /* ConversationViewController.swift */ = {isa = PBXFileReference; lastKnownFileType = sourcecode.swift; path = ConversationViewController.swift; sourceTree = "<group>"; };
		8DD4799B216A65CD0005B856 /* MessageTableViewCell.swift */ = {isa = PBXFileReference; lastKnownFileType = sourcecode.swift; path = MessageTableViewCell.swift; sourceTree = "<group>"; };
		8DD4799D216A79F00005B856 /* Message.swift */ = {isa = PBXFileReference; lastKnownFileType = sourcecode.swift; path = Message.swift; sourceTree = "<group>"; };
/* End PBXFileReference section */

/* Begin PBXFrameworksBuildPhase section */
		8DD47926215EA7D80005B856 /* Frameworks */ = {
			isa = PBXFrameworksBuildPhase;
			buildActionMask = 2147483647;
			files = (
			);
			runOnlyForDeploymentPostprocessing = 0;
		};
/* End PBXFrameworksBuildPhase section */

/* Begin PBXGroup section */
		8D51A2FA218F53B7001C57B1 /* CoreData */ = {
			isa = PBXGroup;
			children = (
				8D51A2F8218F4D0E001C57B1 /* CoreDataStack.swift */,
				8D51A2F5218F4CBA001C57B1 /* DataChatModel.xcdatamodeld */,
				8D8D2FE4218F7AB700E90EB6 /* AppUser.swift */,
				8D8D2FE621905C9500E90EB6 /* StoreDataManager.swift */,
			);
			path = CoreData;
			sourceTree = "<group>";
		};
		8D793B2821722DAD0034A0D4 /* Themes */ = {
			isa = PBXGroup;
			children = (
				8D793B2921722E210034A0D4 /* UI-Bridging-Header.h */,
				8D4234912173453B00C67E3D /* Themes.h */,
				8D4234922173453B00C67E3D /* Themes.m */,
				8D4234942173480B00C67E3D /* ThemesViewController.h */,
				8D4234952173480B00C67E3D /* ThemesViewController.m */,
				8D42349A21734AE000C67E3D /* ThemesViewControllerDelegate.h */,
				8D42349B21734AE000C67E3D /* ThemesViewControllerDelegate.m */,
			);
			path = Themes;
			sourceTree = "<group>";
		};
		8D8D2FE821906D2300E90EB6 /* Multipeer Connectivity */ = {
			isa = PBXGroup;
			children = (
				8D51A2A62184BB9B001C57B1 /* MultipeerCommunicator.swift */,
				8D51A2A82184BC51001C57B1 /* Communicator.swift */,
				8D51A2AA2184BDAF001C57B1 /* CommunicatorDelegate.swift */,
			);
			path = "Multipeer Connectivity";
			sourceTree = "<group>";
		};
		8D8D2FE92190726300E90EB6 /* Messages */ = {
			isa = PBXGroup;
			children = (
				8DD47999216A641F0005B856 /* ConversationViewController.swift */,
			);
			path = Messages;
			sourceTree = "<group>";
		};
		8D8D2FEA219072BA00E90EB6 /* Managers */ = {
			isa = PBXGroup;
			children = (
				8D5F6B9B217CA93500CB3E23 /* DataManager.swift */,
			);
			path = Managers;
			sourceTree = "<group>";
		};
		8D8D2FEB219072DA00E90EB6 /* Profile */ = {
			isa = PBXGroup;
			children = (
				8DD4792E215EA7D80005B856 /* ProfileViewController.swift */,
			);
			path = Profile;
			sourceTree = "<group>";
		};
		8DD47920215EA7D80005B856 = {
			isa = PBXGroup;
			children = (
				8DD4792B215EA7D80005B856 /* UI */,
				8DD4792A215EA7D80005B856 /* Products */,
			);
			sourceTree = "<group>";
		};
		8DD4792A215EA7D80005B856 /* Products */ = {
			isa = PBXGroup;
			children = (
				8DD47929215EA7D80005B856 /* UI.app */,
			);
			name = Products;
			sourceTree = "<group>";
		};
		8DD4792B215EA7D80005B856 /* UI */ = {
			isa = PBXGroup;
			children = (
				8D8D2FEB219072DA00E90EB6 /* Profile */,
				8D8D2FEA219072BA00E90EB6 /* Managers */,
				8D8D2FE92190726300E90EB6 /* Messages */,
				8D8D2FE821906D2300E90EB6 /* Multipeer Connectivity */,
				8D51A2FA218F53B7001C57B1 /* CoreData */,
				8D793B2821722DAD0034A0D4 /* Themes */,
				8DD47996216A349D0005B856 /* Models */,
				8DD4792C215EA7D80005B856 /* AppDelegate.swift */,
				8DD4798C216906E20005B856 /* ConversationsListViewController.swift */,
				8DD47930215EA7D80005B856 /* Main.storyboard */,
				8DD47965215EC9F30005B856 /* slr-camera-2-xxl.png */,
				8DD47967215EC9F30005B856 /* placeholder-user.png */,
				8DD47933215EA7D90005B856 /* Assets.xcassets */,
				8DD47935215EA7D90005B856 /* LaunchScreen.storyboard */,
				8DD47938215EA7D90005B856 /* Info.plist */,
				8DD4799021691B210005B856 /* ConversationCell.swift */,
				8D51A2AC21864DD0001C57B1 /* CommunicationManager.swift */,
				8DD4799B216A65CD0005B856 /* MessageTableViewCell.swift */,
				8D5F6B9F217CE97D00CB3E23 /* OperationDataManager.swift */,
			);
			path = UI;
			sourceTree = "<group>";
		};
		8DD47996216A349D0005B856 /* Models */ = {
			isa = PBXGroup;
			children = (
				8DD47997216A34C10005B856 /* Conversations.swift */,
				8DD4799D216A79F00005B856 /* Message.swift */,
			);
			path = Models;
			sourceTree = "<group>";
		};
/* End PBXGroup section */

/* Begin PBXNativeTarget section */
		8DD47928215EA7D80005B856 /* UI */ = {
			isa = PBXNativeTarget;
			buildConfigurationList = 8DD4793B215EA7D90005B856 /* Build configuration list for PBXNativeTarget "UI" */;
			buildPhases = (
				8DD47925215EA7D80005B856 /* Sources */,
				8DD47926215EA7D80005B856 /* Frameworks */,
				8DD47927215EA7D80005B856 /* Resources */,
			);
			buildRules = (
			);
			dependencies = (
			);
			name = UI;
			productName = UI;
			productReference = 8DD47929215EA7D80005B856 /* UI.app */;
			productType = "com.apple.product-type.application";
		};
/* End PBXNativeTarget section */

/* Begin PBXProject section */
		8DD47921215EA7D80005B856 /* Project object */ = {
			isa = PBXProject;
			attributes = {
				LastSwiftUpdateCheck = 1000;
				LastUpgradeCheck = 1000;
				ORGANIZATIONNAME = "Татьяна Ильина";
				TargetAttributes = {
					8DD47928215EA7D80005B856 = {
						CreatedOnToolsVersion = 10.0;
						LastSwiftMigration = 1000;
					};
				};
			};
			buildConfigurationList = 8DD47924215EA7D80005B856 /* Build configuration list for PBXProject "UI" */;
			compatibilityVersion = "Xcode 9.3";
			developmentRegion = en;
			hasScannedForEncodings = 0;
			knownRegions = (
				en,
				Base,
			);
			mainGroup = 8DD47920215EA7D80005B856;
			productRefGroup = 8DD4792A215EA7D80005B856 /* Products */;
			projectDirPath = "";
			projectRoot = "";
			targets = (
				8DD47928215EA7D80005B856 /* UI */,
			);
		};
/* End PBXProject section */

/* Begin PBXResourcesBuildPhase section */
		8DD47927215EA7D80005B856 /* Resources */ = {
			isa = PBXResourcesBuildPhase;
			buildActionMask = 2147483647;
			files = (
				8DD4793E215EAA790005B856 /* Main.storyboard in Resources */,
				8DD4796A215EC9F30005B856 /* placeholder-user.png in Resources */,
				8DD47937215EA7D90005B856 /* LaunchScreen.storyboard in Resources */,
				8DD47969215EC9F30005B856 /* slr-camera-2-xxl.png in Resources */,
				8DD47934215EA7D90005B856 /* Assets.xcassets in Resources */,
			);
			runOnlyForDeploymentPostprocessing = 0;
		};
/* End PBXResourcesBuildPhase section */

/* Begin PBXSourcesBuildPhase section */
		8DD47925215EA7D80005B856 /* Sources */ = {
			isa = PBXSourcesBuildPhase;
			buildActionMask = 2147483647;
			files = (
				8DD4799C216A65CE0005B856 /* MessageTableViewCell.swift in Sources */,
				8D51A2F7218F4CBA001C57B1 /* DataChatModel.xcdatamodeld in Sources */,
				8D51A2AB2184BDAF001C57B1 /* CommunicatorDelegate.swift in Sources */,
				8DD4792F215EA7D80005B856 /* ProfileViewController.swift in Sources */,
				8D42349C21734AE000C67E3D /* ThemesViewControllerDelegate.m in Sources */,
				8DD4799121691B210005B856 /* ConversationCell.swift in Sources */,
				8DD4799A216A641F0005B856 /* ConversationViewController.swift in Sources */,
				8D5F6B9C217CA93500CB3E23 /* DataManager.swift in Sources */,
				8D8D2FE5218F7AB700E90EB6 /* AppUser.swift in Sources */,
				8D51A2F9218F4D0E001C57B1 /* CoreDataStack.swift in Sources */,
				8DD4798D216906E20005B856 /* ConversationsListViewController.swift in Sources */,
				8DD4799E216A79F00005B856 /* Message.swift in Sources */,
				8D8D2FE721905C9500E90EB6 /* StoreDataManager.swift in Sources */,
				8D51A2AD21864DD0001C57B1 /* CommunicationManager.swift in Sources */,
				8D4234932173453B00C67E3D /* Themes.m in Sources */,
				8D5F6BA0217CE97D00CB3E23 /* OperationDataManager.swift in Sources */,
				8D51A2A92184BC51001C57B1 /* Communicator.swift in Sources */,
				8D51A2A72184BB9B001C57B1 /* MultipeerCommunicator.swift in Sources */,
				8DD4792D215EA7D80005B856 /* AppDelegate.swift in Sources */,
				8DD47998216A34C10005B856 /* Conversations.swift in Sources */,
				8D4234962173480B00C67E3D /* ThemesViewController.m in Sources */,
			);
			runOnlyForDeploymentPostprocessing = 0;
		};
/* End PBXSourcesBuildPhase section */

/* Begin PBXVariantGroup section */
		8DD47930215EA7D80005B856 /* Main.storyboard */ = {
			isa = PBXVariantGroup;
			children = (
				8DD47931215EA7D80005B856 /* Base */,
			);
			name = Main.storyboard;
			sourceTree = "<group>";
		};
		8DD47935215EA7D90005B856 /* LaunchScreen.storyboard */ = {
			isa = PBXVariantGroup;
			children = (
				8DD47936215EA7D90005B856 /* Base */,
			);
			name = LaunchScreen.storyboard;
			sourceTree = "<group>";
		};
		8DD47965215EC9F30005B856 /* slr-camera-2-xxl.png */ = {
			isa = PBXVariantGroup;
			children = (
				8DD47966215EC9F30005B856 /* Base */,
			);
			name = "slr-camera-2-xxl.png";
			sourceTree = "<group>";
		};
		8DD47967215EC9F30005B856 /* placeholder-user.png */ = {
			isa = PBXVariantGroup;
			children = (
				8DD47968215EC9F30005B856 /* Base */,
			);
			name = "placeholder-user.png";
			sourceTree = "<group>";
		};
/* End PBXVariantGroup section */

/* Begin XCBuildConfiguration section */
		8DD47939215EA7D90005B856 /* Debug */ = {
			isa = XCBuildConfiguration;
			buildSettings = {
				ALWAYS_SEARCH_USER_PATHS = NO;
				CLANG_ANALYZER_NONNULL = YES;
				CLANG_ANALYZER_NUMBER_OBJECT_CONVERSION = YES_AGGRESSIVE;
				CLANG_CXX_LANGUAGE_STANDARD = "gnu++14";
				CLANG_CXX_LIBRARY = "libc++";
				CLANG_ENABLE_MODULES = YES;
				CLANG_ENABLE_OBJC_ARC = YES;
				CLANG_ENABLE_OBJC_WEAK = YES;
				CLANG_WARN_BLOCK_CAPTURE_AUTORELEASING = YES;
				CLANG_WARN_BOOL_CONVERSION = YES;
				CLANG_WARN_COMMA = YES;
				CLANG_WARN_CONSTANT_CONVERSION = YES;
				CLANG_WARN_DEPRECATED_OBJC_IMPLEMENTATIONS = YES;
				CLANG_WARN_DIRECT_OBJC_ISA_USAGE = YES_ERROR;
				CLANG_WARN_DOCUMENTATION_COMMENTS = YES;
				CLANG_WARN_EMPTY_BODY = YES;
				CLANG_WARN_ENUM_CONVERSION = YES;
				CLANG_WARN_INFINITE_RECURSION = YES;
				CLANG_WARN_INT_CONVERSION = YES;
				CLANG_WARN_NON_LITERAL_NULL_CONVERSION = YES;
				CLANG_WARN_OBJC_IMPLICIT_RETAIN_SELF = YES;
				CLANG_WARN_OBJC_LITERAL_CONVERSION = YES;
				CLANG_WARN_OBJC_ROOT_CLASS = YES_ERROR;
				CLANG_WARN_RANGE_LOOP_ANALYSIS = YES;
				CLANG_WARN_STRICT_PROTOTYPES = YES;
				CLANG_WARN_SUSPICIOUS_MOVE = YES;
				CLANG_WARN_UNGUARDED_AVAILABILITY = YES_AGGRESSIVE;
				CLANG_WARN_UNREACHABLE_CODE = YES;
				CLANG_WARN__DUPLICATE_METHOD_MATCH = YES;
				CODE_SIGN_IDENTITY = "iPhone Developer";
				COPY_PHASE_STRIP = NO;
				DEBUG_INFORMATION_FORMAT = dwarf;
				ENABLE_STRICT_OBJC_MSGSEND = YES;
				ENABLE_TESTABILITY = YES;
				GCC_C_LANGUAGE_STANDARD = gnu11;
				GCC_DYNAMIC_NO_PIC = NO;
				GCC_NO_COMMON_BLOCKS = YES;
				GCC_OPTIMIZATION_LEVEL = 0;
				GCC_PREPROCESSOR_DEFINITIONS = (
					"DEBUG=1",
					"$(inherited)",
				);
				GCC_WARN_64_TO_32_BIT_CONVERSION = YES;
				GCC_WARN_ABOUT_RETURN_TYPE = YES_ERROR;
				GCC_WARN_UNDECLARED_SELECTOR = YES;
				GCC_WARN_UNINITIALIZED_AUTOS = YES_AGGRESSIVE;
				GCC_WARN_UNUSED_FUNCTION = YES;
				GCC_WARN_UNUSED_VARIABLE = YES;
				IPHONEOS_DEPLOYMENT_TARGET = 12.0;
				MTL_ENABLE_DEBUG_INFO = INCLUDE_SOURCE;
				MTL_FAST_MATH = YES;
				ONLY_ACTIVE_ARCH = YES;
				SDKROOT = iphoneos;
				SWIFT_ACTIVE_COMPILATION_CONDITIONS = DEBUG;
				SWIFT_OPTIMIZATION_LEVEL = "-Onone";
			};
			name = Debug;
		};
		8DD4793A215EA7D90005B856 /* Release */ = {
			isa = XCBuildConfiguration;
			buildSettings = {
				ALWAYS_SEARCH_USER_PATHS = NO;
				CLANG_ANALYZER_NONNULL = YES;
				CLANG_ANALYZER_NUMBER_OBJECT_CONVERSION = YES_AGGRESSIVE;
				CLANG_CXX_LANGUAGE_STANDARD = "gnu++14";
				CLANG_CXX_LIBRARY = "libc++";
				CLANG_ENABLE_MODULES = YES;
				CLANG_ENABLE_OBJC_ARC = YES;
				CLANG_ENABLE_OBJC_WEAK = YES;
				CLANG_WARN_BLOCK_CAPTURE_AUTORELEASING = YES;
				CLANG_WARN_BOOL_CONVERSION = YES;
				CLANG_WARN_COMMA = YES;
				CLANG_WARN_CONSTANT_CONVERSION = YES;
				CLANG_WARN_DEPRECATED_OBJC_IMPLEMENTATIONS = YES;
				CLANG_WARN_DIRECT_OBJC_ISA_USAGE = YES_ERROR;
				CLANG_WARN_DOCUMENTATION_COMMENTS = YES;
				CLANG_WARN_EMPTY_BODY = YES;
				CLANG_WARN_ENUM_CONVERSION = YES;
				CLANG_WARN_INFINITE_RECURSION = YES;
				CLANG_WARN_INT_CONVERSION = YES;
				CLANG_WARN_NON_LITERAL_NULL_CONVERSION = YES;
				CLANG_WARN_OBJC_IMPLICIT_RETAIN_SELF = YES;
				CLANG_WARN_OBJC_LITERAL_CONVERSION = YES;
				CLANG_WARN_OBJC_ROOT_CLASS = YES_ERROR;
				CLANG_WARN_RANGE_LOOP_ANALYSIS = YES;
				CLANG_WARN_STRICT_PROTOTYPES = YES;
				CLANG_WARN_SUSPICIOUS_MOVE = YES;
				CLANG_WARN_UNGUARDED_AVAILABILITY = YES_AGGRESSIVE;
				CLANG_WARN_UNREACHABLE_CODE = YES;
				CLANG_WARN__DUPLICATE_METHOD_MATCH = YES;
				CODE_SIGN_IDENTITY = "iPhone Developer";
				COPY_PHASE_STRIP = NO;
				DEBUG_INFORMATION_FORMAT = "dwarf-with-dsym";
				ENABLE_NS_ASSERTIONS = NO;
				ENABLE_STRICT_OBJC_MSGSEND = YES;
				GCC_C_LANGUAGE_STANDARD = gnu11;
				GCC_NO_COMMON_BLOCKS = YES;
				GCC_WARN_64_TO_32_BIT_CONVERSION = YES;
				GCC_WARN_ABOUT_RETURN_TYPE = YES_ERROR;
				GCC_WARN_UNDECLARED_SELECTOR = YES;
				GCC_WARN_UNINITIALIZED_AUTOS = YES_AGGRESSIVE;
				GCC_WARN_UNUSED_FUNCTION = YES;
				GCC_WARN_UNUSED_VARIABLE = YES;
				IPHONEOS_DEPLOYMENT_TARGET = 12.0;
				MTL_ENABLE_DEBUG_INFO = NO;
				MTL_FAST_MATH = YES;
				SDKROOT = iphoneos;
				SWIFT_COMPILATION_MODE = wholemodule;
				SWIFT_OPTIMIZATION_LEVEL = "-O";
				VALIDATE_PRODUCT = YES;
			};
			name = Release;
		};
		8DD4793C215EA7D90005B856 /* Debug */ = {
			isa = XCBuildConfiguration;
			buildSettings = {
				ASSETCATALOG_COMPILER_APPICON_NAME = AppIcon;
				CLANG_ENABLE_MODULES = YES;
				CLANG_ENABLE_OBJC_ARC = NO;
				CODE_SIGN_STYLE = Automatic;
				INFOPLIST_FILE = UI/Info.plist;
				LD_RUNPATH_SEARCH_PATHS = (
					"$(inherited)",
					"@executable_path/Frameworks",
				);
				PRODUCT_BUNDLE_IDENTIFIER = TI.UI;
				PRODUCT_NAME = "$(TARGET_NAME)";
				SWIFT_OBJC_BRIDGING_HEADER = "UI/Themes/UI-Bridging-Header.h";
				SWIFT_OPTIMIZATION_LEVEL = "-Onone";
				SWIFT_VERSION = 4.2;
				TARGETED_DEVICE_FAMILY = "1,2";
			};
			name = Debug;
		};
		8DD4793D215EA7D90005B856 /* Release */ = {
			isa = XCBuildConfiguration;
			buildSettings = {
				ASSETCATALOG_COMPILER_APPICON_NAME = AppIcon;
				CLANG_ENABLE_MODULES = YES;
				CLANG_ENABLE_OBJC_ARC = NO;
				CODE_SIGN_STYLE = Automatic;
				INFOPLIST_FILE = UI/Info.plist;
				LD_RUNPATH_SEARCH_PATHS = (
					"$(inherited)",
					"@executable_path/Frameworks",
				);
				PRODUCT_BUNDLE_IDENTIFIER = TI.UI;
				PRODUCT_NAME = "$(TARGET_NAME)";
				SWIFT_OBJC_BRIDGING_HEADER = "UI/Themes/UI-Bridging-Header.h";
				SWIFT_VERSION = 4.2;
				TARGETED_DEVICE_FAMILY = "1,2";
			};
			name = Release;
		};
/* End XCBuildConfiguration section */

/* Begin XCConfigurationList section */
		8DD47924215EA7D80005B856 /* Build configuration list for PBXProject "UI" */ = {
			isa = XCConfigurationList;
			buildConfigurations = (
				8DD47939215EA7D90005B856 /* Debug */,
				8DD4793A215EA7D90005B856 /* Release */,
			);
			defaultConfigurationIsVisible = 0;
			defaultConfigurationName = Release;
		};
		8DD4793B215EA7D90005B856 /* Build configuration list for PBXNativeTarget "UI" */ = {
			isa = XCConfigurationList;
			buildConfigurations = (
				8DD4793C215EA7D90005B856 /* Debug */,
				8DD4793D215EA7D90005B856 /* Release */,
			);
			defaultConfigurationIsVisible = 0;
			defaultConfigurationName = Release;
		};
/* End XCConfigurationList section */

/* Begin XCVersionGroup section */
		8D51A2F5218F4CBA001C57B1 /* DataChatModel.xcdatamodeld */ = {
			isa = XCVersionGroup;
			children = (
				8D51A2F6218F4CBA001C57B1 /* UI.xcdatamodel */,
			);
			currentVersion = 8D51A2F6218F4CBA001C57B1 /* UI.xcdatamodel */;
			path = DataChatModel.xcdatamodeld;
			sourceTree = "<group>";
			versionGroupType = wrapper.xcdatamodel;
		};
/* End XCVersionGroup section */
	};
	rootObject = 8DD47921215EA7D80005B856 /* Project object */;
}
